
Microsoft Visual Studio Solution File, Format Version 12.00
# Visual Studio Version 17
VisualStudioVersion = 17.4.33213.308
MinimumVisualStudioVersion = 10.0.40219.1
Project("{9A19103F-16F7-4668-BE54-9A1E7A4F7556}") = "TatBlog.Core", "TatBlog.Core\TatBlog.Core.csproj", "{F08AC35E-0CC0-4D2F-8B59-188FC447FF5A}"
EndProject
Project("{9A19103F-16F7-4668-BE54-9A1E7A4F7556}") = "TatBlog.Data", "TatBlog.Data\TatBlog.Data.csproj", "{80D22DE0-24D6-4C56-B98D-3A92B9171D69}"
EndProject
Project("{9A19103F-16F7-4668-BE54-9A1E7A4F7556}") = "TatBlog.Services", "TatBlog.Services\TatBlog.Services.csproj", "{000A864C-87EB-4EE8-8EFC-47881D6378F8}"
EndProject
Project("{9A19103F-16F7-4668-BE54-9A1E7A4F7556}") = "TatBlog.WinApp", "TatBlog.WinApp\TatBlog.WinApp.csproj", "{D5E6EF73-8A79-4135-86F0-22B3F72E5AC4}"
EndProject
Project("{9A19103F-16F7-4668-BE54-9A1E7A4F7556}") = "TatBlog.WebApp", "TatBlog.WebApp\TatBlog.WebApp.csproj", "{0E602914-2BB5-4685-8AD2-D835AE16EDEC}"
EndProject
Project("{FAE04EC0-301F-11D3-BF4B-00C04F79EFBC}") = "TatBlog.WebApi", "TatBlog.WebApi\TatBlog.WebApi.csproj", "{7B3C86BB-4EED-4001-A5AF-3BE4A1C3A669}"
EndProject
Global
	GlobalSection(SolutionConfigurationPlatforms) = preSolution
		Debug|Any CPU = Debug|Any CPU
		Release|Any CPU = Release|Any CPU
	EndGlobalSection
	GlobalSection(ProjectConfigurationPlatforms) = postSolution
		{F08AC35E-0CC0-4D2F-8B59-188FC447FF5A}.Debug|Any CPU.ActiveCfg = Debug|Any CPU
		{F08AC35E-0CC0-4D2F-8B59-188FC447FF5A}.Debug|Any CPU.Build.0 = Debug|Any CPU
		{F08AC35E-0CC0-4D2F-8B59-188FC447FF5A}.Release|Any CPU.ActiveCfg = Release|Any CPU
		{F08AC35E-0CC0-4D2F-8B59-188FC447FF5A}.Release|Any CPU.Build.0 = Release|Any CPU
		{80D22DE0-24D6-4C56-B98D-3A92B9171D69}.Debug|Any CPU.ActiveCfg = Debug|Any CPU
		{80D22DE0-24D6-4C56-B98D-3A92B9171D69}.Debug|Any CPU.Build.0 = Debug|Any CPU
		{80D22DE0-24D6-4C56-B98D-3A92B9171D69}.Release|Any CPU.ActiveCfg = Release|Any CPU
		{80D22DE0-24D6-4C56-B98D-3A92B9171D69}.Release|Any CPU.Build.0 = Release|Any CPU
		{000A864C-87EB-4EE8-8EFC-47881D6378F8}.Debug|Any CPU.ActiveCfg = Debug|Any CPU
		{000A864C-87EB-4EE8-8EFC-47881D6378F8}.Debug|Any CPU.Build.0 = Debug|Any CPU
		{000A864C-87EB-4EE8-8EFC-47881D6378F8}.Release|Any CPU.ActiveCfg = Release|Any CPU
		{000A864C-87EB-4EE8-8EFC-47881D6378F8}.Release|Any CPU.Build.0 = Release|Any CPU
		{D5E6EF73-8A79-4135-86F0-22B3F72E5AC4}.Debug|Any CPU.ActiveCfg = Debug|Any CPU
		{D5E6EF73-8A79-4135-86F0-22B3F72E5AC4}.Debug|Any CPU.Build.0 = Debug|Any CPU
		{D5E6EF73-8A79-4135-86F0-22B3F72E5AC4}.Release|Any CPU.ActiveCfg = Release|Any CPU
		{D5E6EF73-8A79-4135-86F0-22B3F72E5AC4}.Release|Any CPU.Build.0 = Release|Any CPU
		{0E602914-2BB5-4685-8AD2-D835AE16EDEC}.Debug|Any CPU.ActiveCfg = Debug|Any CPU
		{0E602914-2BB5-4685-8AD2-D835AE16EDEC}.Debug|Any CPU.Build.0 = Debug|Any CPU
		{0E602914-2BB5-4685-8AD2-D835AE16EDEC}.Release|Any CPU.ActiveCfg = Release|Any CPU
		{0E602914-2BB5-4685-8AD2-D835AE16EDEC}.Release|Any CPU.Build.0 = Release|Any CPU
		{7B3C86BB-4EED-4001-A5AF-3BE4A1C3A669}.Debug|Any CPU.ActiveCfg = Debug|Any CPU
		{7B3C86BB-4EED-4001-A5AF-3BE4A1C3A669}.Debug|Any CPU.Build.0 = Debug|Any CPU
		{7B3C86BB-4EED-4001-A5AF-3BE4A1C3A669}.Release|Any CPU.ActiveCfg = Release|Any CPU
		{7B3C86BB-4EED-4001-A5AF-3BE4A1C3A669}.Release|Any CPU.Build.0 = Release|Any CPU
	EndGlobalSection
	GlobalSection(SolutionProperties) = preSolution
		HideSolutionNode = FALSE
	EndGlobalSection
	GlobalSection(ExtensibilityGlobals) = postSolution
		SolutionGuid = {A8A2AE17-A4D5-4254-9A17-6AEA53BB3A5B}
	EndGlobalSection
EndGlobal
