
Microsoft Visual Studio Solution File, Format Version 12.00
# Visual Studio Version 17
VisualStudioVersion = 17.4.33213.308
MinimumVisualStudioVersion = 10.0.40219.1
Project("{FAE04EC0-301F-11D3-BF4B-00C04F79EFBC}") = "OnTap1", "OnTap1\OnTap1.csproj", "{C5042DA1-6553-4468-BFDB-45D836496CAC}"
EndProject
Global
	GlobalSection(SolutionConfigurationPlatforms) = preSolution
		Debug|Any CPU = Debug|Any CPU
		Release|Any CPU = Release|Any CPU
	EndGlobalSection
	GlobalSection(ProjectConfigurationPlatforms) = postSolution
		{C5042DA1-6553-4468-BFDB-45D836496CAC}.Debug|Any CPU.ActiveCfg = Debug|Any CPU
		{C5042DA1-6553-4468-BFDB-45D836496CAC}.Debug|Any CPU.Build.0 = Debug|Any CPU
		{C5042DA1-6553-4468-BFDB-45D836496CAC}.Release|Any CPU.ActiveCfg = Release|Any CPU
		{C5042DA1-6553-4468-BFDB-45D836496CAC}.Release|Any CPU.Build.0 = Release|Any CPU
	EndGlobalSection
	GlobalSection(SolutionProperties) = preSolution
		HideSolutionNode = FALSE
	EndGlobalSection
	GlobalSection(ExtensibilityGlobals) = postSolution
		SolutionGuid = {5B6F3E3C-2301-4187-AAB8-9DB789C6D1B1}
	EndGlobalSection
EndGlobal
