
Microsoft Visual Studio Solution File, Format Version 12.00
# Visual Studio Version 17
VisualStudioVersion = 17.4.33213.308
MinimumVisualStudioVersion = 10.0.40219.1
Project("{FAE04EC0-301F-11D3-BF4B-00C04F79EFBC}") = "TatBlog.Core", "TatBlog.Core\TatBlog.Core.csproj", "{F08AC35E-0CC0-4D2F-8B59-188FC447FF5A}"
EndProject
Project("{FAE04EC0-301F-11D3-BF4B-00C04F79EFBC}") = "TatBlog.Data", "TatBlog.Data\TatBlog.Data.csproj", "{80D22DE0-24D6-4C56-B98D-3A92B9171D69}"
EndProject
Project("{FAE04EC0-301F-11D3-BF4B-00C04F79EFBC}") = "TatBlog.Services", "TatBlog.Services\TatBlog.Services.csproj", "{000A864C-87EB-4EE8-8EFC-47881D6378F8}"
EndProject
Project("{FAE04EC0-301F-11D3-BF4B-00C04F79EFBC}") = "TatBlog.WinApp", "TatBlog.WinApp\TatBlog.WinApp.csproj", "{D5E6EF73-8A79-4135-86F0-22B3F72E5AC4}"
EndProject
Global
	GlobalSection(SolutionConfigurationPlatforms) = preSolution
		Debug|Any CPU = Debug|Any CPU
		Release|Any CPU = Release|Any CPU
	EndGlobalSection
	GlobalSection(ProjectConfigurationPlatforms) = postSolution
		{F08AC35E-0CC0-4D2F-8B59-188FC447FF5A}.Debug|Any CPU.ActiveCfg = Debug|Any CPU
		{F08AC35E-0CC0-4D2F-8B59-188FC447FF5A}.Debug|Any CPU.Build.0 = Debug|Any CPU
		{F08AC35E-0CC0-4D2F-8B59-188FC447FF5A}.Release|Any CPU.ActiveCfg = Release|Any CPU
		{F08AC35E-0CC0-4D2F-8B59-188FC447FF5A}.Release|Any CPU.Build.0 = Release|Any CPU
		{80D22DE0-24D6-4C56-B98D-3A92B9171D69}.Debug|Any CPU.ActiveCfg = Debug|Any CPU
		{80D22DE0-24D6-4C56-B98D-3A92B9171D69}.Debug|Any CPU.Build.0 = Debug|Any CPU
		{80D22DE0-24D6-4C56-B98D-3A92B9171D69}.Release|Any CPU.ActiveCfg = Release|Any CPU
		{80D22DE0-24D6-4C56-B98D-3A92B9171D69}.Release|Any CPU.Build.0 = Release|Any CPU
		{000A864C-87EB-4EE8-8EFC-47881D6378F8}.Debug|Any CPU.ActiveCfg = Debug|Any CPU
		{000A864C-87EB-4EE8-8EFC-47881D6378F8}.Debug|Any CPU.Build.0 = Debug|Any CPU
		{000A864C-87EB-4EE8-8EFC-47881D6378F8}.Release|Any CPU.ActiveCfg = Release|Any CPU
		{000A864C-87EB-4EE8-8EFC-47881D6378F8}.Release|Any CPU.Build.0 = Release|Any CPU
		{D5E6EF73-8A79-4135-86F0-22B3F72E5AC4}.Debug|Any CPU.ActiveCfg = Debug|Any CPU
		{D5E6EF73-8A79-4135-86F0-22B3F72E5AC4}.Debug|Any CPU.Build.0 = Debug|Any CPU
		{D5E6EF73-8A79-4135-86F0-22B3F72E5AC4}.Release|Any CPU.ActiveCfg = Release|Any CPU
		{D5E6EF73-8A79-4135-86F0-22B3F72E5AC4}.Release|Any CPU.Build.0 = Release|Any CPU
	EndGlobalSection
	GlobalSection(SolutionProperties) = preSolution
		HideSolutionNode = FALSE
	EndGlobalSection
	GlobalSection(ExtensibilityGlobals) = postSolution
		SolutionGuid = {A8A2AE17-A4D5-4254-9A17-6AEA53BB3A5B}
	EndGlobalSection
EndGlobal
